{
  "name": "dorajs-hotword",
  "version": "0.1.5",
  "lockfileVersion": 2,
  "requires": true,
  "packages": {
    "": {
      "name": "dorajs-hotword",
      "version": "0.1.5",
      "license": "UNLICENSED",
      "dependencies": {
        "art-template": "^4.13.2",
        "axios": "^0.21.1",
        "xmldom": "^0.5.0",
        "xpath": "^0.0.32"
      },
      "engines": {
        "dora": ">=1.8.0"
      }
    },
    "node_modules/acorn": {
      "version": "5.7.4",
      "resolved": "https://registry.npm.taobao.org/acorn/download/acorn-5.7.4.tgz?cache=0&sync_timestamp=1611561275462&other_urls=https%3A%2F%2Fregistry.npm.taobao.org%2Facorn%2Fdownload%2Facorn-5.7.4.tgz",
      "integrity": "sha1-Po2KmUfQWZoXltECJddDL0pKz14= sha512-1D++VG7BhrtvQpNbBzovKNc1FLGGEE/oGe7b9xJm/RFHMBeUaUGpluV9RLjZa47YFdPcDAenEYuq9pQPcMdLJg==",
      "license": "MIT",
      "bin": {
        "acorn": "bin/acorn"
      },
      "engines": {
        "node": ">=0.4.0"
      }
    },
    "node_modules/art-template": {
      "version": "4.13.2",
      "resolved": "https://registry.npm.taobao.org/art-template/download/art-template-4.13.2.tgz",
      "integrity": "sha1-TEy9RN4IqtAxZgJAhx9Fx9c3z8E= sha512-04ws5k+ndA5DghfheY4c8F1304XJKeTcaXqZCLpxFkNMSkaR3ChW1pX2i9d3sEEOZuLy7de8lFriRaik1jEeOQ==",
      "license": "MIT",
      "dependencies": {
        "acorn": "^5.0.3",
        "escodegen": "^1.8.1",
        "estraverse": "^4.2.0",
        "html-minifier": "^3.4.3",
        "is-keyword-js": "^1.0.3",
        "js-tokens": "^3.0.1",
        "merge-source-map": "^1.0.3",
        "source-map": "^0.5.6"
      },
      "engines": {
        "node": ">= 1.0.0"
      }
    },
    "node_modules/axios": {
      "version": "0.21.1",
      "resolved": "https://registry.npm.taobao.org/axios/download/axios-0.21.1.tgz",
      "integrity": "sha1-IlY0gZYvTWvemnbVFu8OXTwJsrg=",
      "dependencies": {
        "follow-redirects": "^1.10.0"
      }
    },
    "node_modules/camel-case": {
      "version": "3.0.0",
      "resolved": "https://registry.npm.taobao.org/camel-case/download/camel-case-3.0.0.tgz?cache=0&sync_timestamp=1606867311564&other_urls=https%3A%2F%2Fregistry.npm.taobao.org%2Fcamel-case%2Fdownload%2Fcamel-case-3.0.0.tgz",
      "integrity": "sha1-yjw2iKTpzzpM2nd9xNy8cTJJz3M= sha512-+MbKztAYHXPr1jNTSKQF52VpcFjwY5RkR7fxksV8Doo4KAYc5Fl4UJRgthBbTmEx8C54DqahhbLJkDwjI3PI/w==",
      "license": "MIT",
      "dependencies": {
        "no-case": "^2.2.0",
        "upper-case": "^1.1.1"
      }
    },
    "node_modules/clean-css": {
      "version": "4.2.3",
      "resolved": "https://registry.npm.taobao.org/clean-css/download/clean-css-4.2.3.tgz",
      "integrity": "sha1-UHtd59l7SO5T2ErbAWD/YhY4D3g=",
      "license": "MIT",
      "dependencies": {
        "source-map": "~0.6.0"
      },
      "engines": {
        "node": ">= 4.0"
      }
    },
    "node_modules/clean-css/node_modules/source-map": {
      "version": "0.6.1",
      "resolved": "https://registry.npm.taobao.org/source-map/download/source-map-0.6.1.tgz",
      "integrity": "sha1-dHIq8y6WFOnCh6jQu95IteLxomM=",
      "license": "BSD-3-Clause",
      "engines": {
        "node": ">=0.10.0"
      }
    },
    "node_modules/commander": {
      "version": "2.17.1",
      "resolved": "https://registry.npm.taobao.org/commander/download/commander-2.17.1.tgz?cache=0&sync_timestamp=1610702191685&other_urls=https%3A%2F%2Fregistry.npm.taobao.org%2Fcommander%2Fdownload%2Fcommander-2.17.1.tgz",
      "integrity": "sha1-vXerfebelCBc6sxy8XFtKfIKd78= sha512-wPMUt6FnH2yzG95SA6mzjQOEKUU3aLaDEmzs1ti+1E9h+CsrZghRlqEM/EJ4KscsQVG8uNN4uVreUeT8+drlgg==",
      "license": "MIT"
    },
    "node_modules/deep-is": {
      "version": "0.1.3",
      "resolved": "https://registry.npm.taobao.org/deep-is/download/deep-is-0.1.3.tgz",
      "integrity": "sha1-s2nW+128E+7PUk+RsHD+7cNXzzQ= sha512-GtxAN4HvBachZzm4OnWqc45ESpUCMwkYcsjnsPs23FwJbsO+k4t0k9bQCgOmzIlpHO28+WPK/KRbRk0DDHuuDw==",
      "license": "MIT"
    },
    "node_modules/escodegen": {
      "version": "1.14.3",
      "resolved": "https://registry.npm.taobao.org/escodegen/download/escodegen-1.14.3.tgz",
      "integrity": "sha1-TnuB+6YVgdyXWC7XjKt/Do1j9QM= sha512-qFcX0XJkdg+PB3xjZZG/wKSuT1PnQWx57+TVSjIMmILd2yC/6ByYElPwJnslDsuWuSAp4AwJGumarAAmJch5Kw==",
      "license": "BSD-2-Clause",
      "dependencies": {
        "esprima": "^4.0.1",
        "estraverse": "^4.2.0",
        "esutils": "^2.0.2",
        "optionator": "^0.8.1"
      },
      "bin": {
        "escodegen": "bin/escodegen.js",
        "esgenerate": "bin/esgenerate.js"
      },
      "engines": {
        "node": ">=4.0"
      },
      "optionalDependencies": {
        "source-map": "~0.6.1"
      }
    },
    "node_modules/escodegen/node_modules/source-map": {
      "version": "0.6.1",
      "resolved": "https://registry.npm.taobao.org/source-map/download/source-map-0.6.1.tgz",
      "integrity": "sha1-dHIq8y6WFOnCh6jQu95IteLxomM=",
      "license": "BSD-3-Clause",
      "optional": true,
      "engines": {
        "node": ">=0.10.0"
      }
    },
    "node_modules/esprima": {
      "version": "4.0.1",
      "resolved": "https://registry.npm.taobao.org/esprima/download/esprima-4.0.1.tgz",
      "integrity": "sha1-E7BM2z5sXRnfkatph6hpVhmwqnE= sha512-eGuFFw7Upda+g4p+QHvnW0RyTX/SVeJBDM/gCtMARO0cLuT2HcEKnTPvhjV6aGeqrCB/sbNop0Kszm0jsaWU4A==",
      "license": "BSD-2-Clause",
      "bin": {
        "esparse": "bin/esparse.js",
        "esvalidate": "bin/esvalidate.js"
      },
      "engines": {
        "node": ">=4"
      }
    },
    "node_modules/estraverse": {
      "version": "4.3.0",
      "resolved": "https://registry.npm.taobao.org/estraverse/download/estraverse-4.3.0.tgz?cache=0&sync_timestamp=1596642941915&other_urls=https%3A%2F%2Fregistry.npm.taobao.org%2Festraverse%2Fdownload%2Festraverse-4.3.0.tgz",
      "integrity": "sha1-OYrT88WiSUi+dyXoPRGn3ijNvR0= sha512-39nnKffWz8xN1BU/2c79n9nB9HDzo0niYUqx6xyqUnyoAnQyyWpOTdZEeiCch8BBu515t4wp9ZmgVfVhn9EBpw==",
      "license": "BSD-2-Clause",
      "engines": {
        "node": ">=4.0"
      }
    },
    "node_modules/esutils": {
      "version": "2.0.3",
      "resolved": "https://registry.npm.taobao.org/esutils/download/esutils-2.0.3.tgz",
      "integrity": "sha1-dNLrTeC42hKTcRkQ1Qd1ubcQ72Q=",
      "license": "BSD-2-Clause",
      "engines": {
        "node": ">=0.10.0"
      }
    },
    "node_modules/fast-levenshtein": {
      "version": "2.0.6",
      "resolved": "https://registry.npm.taobao.org/fast-levenshtein/download/fast-levenshtein-2.0.6.tgz",
      "integrity": "sha1-PYpcZog6FqMMqGQ+hR8Zuqd5eRc= sha512-DCXu6Ifhqcks7TZKY3Hxp3y6qphY5SJZmrWMDrKcERSOXWQdMhU9Ig/PYrzyw/ul9jOIyh0N4M0tbC5hodg8dw==",
      "license": "MIT"
    },
    "node_modules/follow-redirects": {
      "version": "1.13.3",
      "resolved": "https://registry.npm.taobao.org/follow-redirects/download/follow-redirects-1.13.3.tgz",
      "integrity": "sha1-5VmK1QF0wbxOhyMB6CrCzZf5Amc=",
      "engines": {
        "node": ">=4.0"
      }
    },
    "node_modules/he": {
      "version": "1.2.0",
      "resolved": "https://registry.npm.taobao.org/he/download/he-1.2.0.tgz",
      "integrity": "sha1-hK5l+n6vsWX922FWauFLrwVmTw8= sha512-F/1DnUGPopORZi0ni+CvrCgHQ5FyEAHRLSApuYWMmrbSwoN2Mn/7k+Gl38gJnR7yyDZk6WLXwiGod1JOWNDKGw==",
      "license": "MIT",
      "bin": {
        "he": "bin/he"
      }
    },
    "node_modules/html-minifier": {
      "version": "3.5.21",
      "resolved": "https://registry.npm.taobao.org/html-minifier/download/html-minifier-3.5.21.tgz",
      "integrity": "sha1-0AQOBUcw41TbAIRjWTGUAVIS0gw= sha512-LKUKwuJDhxNa3uf/LPR/KVjm/l3rBqtYeCOAekvG8F1vItxMUpueGd94i/asDDr8/1u7InxzFA5EeGjhhG5mMA==",
      "license": "MIT",
      "dependencies": {
        "camel-case": "3.0.x",
        "clean-css": "4.2.x",
        "commander": "2.17.x",
        "he": "1.2.x",
        "param-case": "2.1.x",
        "relateurl": "0.2.x",
        "uglify-js": "3.4.x"
      },
      "bin": {
        "html-minifier": "cli.js"
      },
      "engines": {
        "node": ">=4"
      }
    },
    "node_modules/is-keyword-js": {
      "version": "1.0.3",
      "resolved": "https://registry.npm.taobao.org/is-keyword-js/download/is-keyword-js-1.0.3.tgz",
      "integrity": "sha1-rDDc81tnH0snsX9ctXI1EmAhEy0= sha512-EW8wNCNvomPa/jsH1g0DmLfPakkRCRTcTML1v1fZMLiVCvQ/1YB+tKsRzShBiWQhqrYCi5a+WsepA4Z8TA9iaA==",
      "license": "MIT",
      "engines": {
        "node": ">=0.10.0"
      }
    },
    "node_modules/js-tokens": {
      "version": "3.0.2",
      "resolved": "https://registry.npm.taobao.org/js-tokens/download/js-tokens-3.0.2.tgz",
      "integrity": "sha1-mGbfOVECEw449/mWvOtlRDIJwls= sha512-RjTcuD4xjtthQkaWH7dFlH85L+QaVtSoOyGdZ3g6HFhS9dFNDfLyqgm2NFe2X6cQpeFmt0452FJjFG5UameExg==",
      "license": "MIT"
    },
    "node_modules/levn": {
      "version": "0.3.0",
      "resolved": "https://registry.npm.taobao.org/levn/download/levn-0.3.0.tgz",
      "integrity": "sha1-OwmSTt+fCDwEkP3UwLxEIeBHZO4= sha512-0OO4y2iOHix2W6ujICbKIaEQXvFQHue65vUG3pb5EUomzPI90z9hsA1VsO/dbIIpC53J8gxM9Q4Oho0jrCM/yA==",
      "license": "MIT",
      "dependencies": {
        "prelude-ls": "~1.1.2",
        "type-check": "~0.3.2"
      },
      "engines": {
        "node": ">= 0.8.0"
      }
    },
    "node_modules/lower-case": {
      "version": "1.1.4",
      "resolved": "https://registry.npm.taobao.org/lower-case/download/lower-case-1.1.4.tgz?cache=0&sync_timestamp=1606867384237&other_urls=https%3A%2F%2Fregistry.npm.taobao.org%2Flower-case%2Fdownload%2Flower-case-1.1.4.tgz",
      "integrity": "sha1-miyr0bno4K6ZOkv31YdcOcQujqw= sha512-2Fgx1Ycm599x+WGpIYwJOvsjmXFzTSc34IwDWALRA/8AopUKAVPwfJ+h5+f85BCp0PWmmJcWzEpxOpoXycMpdA==",
      "license": "MIT"
    },
    "node_modules/merge-source-map": {
      "version": "1.1.0",
      "resolved": "https://registry.npm.taobao.org/merge-source-map/download/merge-source-map-1.1.0.tgz",
      "integrity": "sha1-L93n5gIJOfcJBqaPLXrmheTIxkY= sha512-Qkcp7P2ygktpMPh2mCQZaf3jhN6D3Z/qVZHSdWvQ+2Ef5HgRAPBO57A77+ENm0CPx2+1Ce/MYKi3ymqdfuqibw==",
      "license": "MIT",
      "dependencies": {
        "source-map": "^0.6.1"
      }
    },
    "node_modules/merge-source-map/node_modules/source-map": {
      "version": "0.6.1",
      "resolved": "https://registry.npm.taobao.org/source-map/download/source-map-0.6.1.tgz",
      "integrity": "sha1-dHIq8y6WFOnCh6jQu95IteLxomM=",
      "license": "BSD-3-Clause",
      "engines": {
        "node": ">=0.10.0"
      }
    },
    "node_modules/no-case": {
      "version": "2.3.2",
      "resolved": "https://registry.npm.taobao.org/no-case/download/no-case-2.3.2.tgz?cache=0&sync_timestamp=1606867284055&other_urls=https%3A%2F%2Fregistry.npm.taobao.org%2Fno-case%2Fdownload%2Fno-case-2.3.2.tgz",
      "integrity": "sha1-YLgTOWvjmz8SiKTB7V0efSi0ZKw= sha512-rmTZ9kz+f3rCvK2TD1Ue/oZlns7OGoIWP4fc3llxxRXlOkHKoWPPWJOfFYpITabSow43QJbRIoHQXtt10VldyQ==",
      "license": "MIT",
      "dependencies": {
        "lower-case": "^1.1.1"
      }
    },
    "node_modules/optionator": {
      "version": "0.8.3",
      "resolved": "https://registry.npm.taobao.org/optionator/download/optionator-0.8.3.tgz",
      "integrity": "sha1-hPodA2/p08fiHZmIS2ARZ+yPtJU= sha512-+IW9pACdk3XWmmTXG8m3upGUJst5XRGzxMRjXzAuJ1XnIFNvfhjjIuYkDvysnPQ7qzqVzLt78BCruntqRhWQbA==",
      "license": "MIT",
      "dependencies": {
        "deep-is": "~0.1.3",
        "fast-levenshtein": "~2.0.6",
        "levn": "~0.3.0",
        "prelude-ls": "~1.1.2",
        "type-check": "~0.3.2",
        "word-wrap": "~1.2.3"
      },
      "engines": {
        "node": ">= 0.8.0"
      }
    },
    "node_modules/param-case": {
      "version": "2.1.1",
      "resolved": "https://registry.npm.taobao.org/param-case/download/param-case-2.1.1.tgz?cache=0&sync_timestamp=1606867311360&other_urls=https%3A%2F%2Fregistry.npm.taobao.org%2Fparam-case%2Fdownload%2Fparam-case-2.1.1.tgz",
      "integrity": "sha1-35T9jPZTHs915r75oIWPvHK+Ikc= sha512-eQE845L6ot89sk2N8liD8HAuH4ca6Vvr7VWAWwt7+kvvG5aBcPmmphQ68JsEG2qa9n1TykS2DLeMt363AAH8/w==",
      "license": "MIT",
      "dependencies": {
        "no-case": "^2.2.0"
      }
    },
    "node_modules/prelude-ls": {
      "version": "1.1.2",
      "resolved": "https://registry.npm.taobao.org/prelude-ls/download/prelude-ls-1.1.2.tgz",
      "integrity": "sha1-IZMqVJ9eUv/ZqCf1cOBL5iqX2lQ= sha512-ESF23V4SKG6lVSGZgYNpbsiaAkdab6ZgOxe52p7+Kid3W3u3bxR4Vfd/o21dmN7jSt0IwgZ4v5MUd26FEtXE9w==",
      "engines": {
        "node": ">= 0.8.0"
      }
    },
    "node_modules/relateurl": {
      "version": "0.2.7",
      "resolved": "https://registry.npm.taobao.org/relateurl/download/relateurl-0.2.7.tgz",
      "integrity": "sha1-VNvzd+UUQKypCkzSdGANP/LYiKk= sha512-G08Dxvm4iDN3MLM0EsP62EDV9IuhXPR6blNz6Utcp7zyV3tr4HVNINt6MpaRWbxoOHT3Q7YN2P+jaHX8vUbgog==",
      "license": "MIT",
      "engines": {
        "node": ">= 0.10"
      }
    },
    "node_modules/source-map": {
      "version": "0.5.7",
      "resolved": "https://registry.npm.taobao.org/source-map/download/source-map-0.5.7.tgz",
      "integrity": "sha1-igOdLRAh0i0eoUyA2OpGi6LvP8w=",
      "license": "BSD-3-Clause",
      "engines": {
        "node": ">=0.10.0"
      }
    },
    "node_modules/type-check": {
      "version": "0.3.2",
      "resolved": "https://registry.npm.taobao.org/type-check/download/type-check-0.3.2.tgz",
      "integrity": "sha1-WITKtRLPHTVeP7eE8wgEsrUg23I= sha512-ZCmOJdvOWDBYJlzAoFkC+Q0+bUyEOS1ltgp1MGU03fqHG+dbi9tBFU2Rd9QKiDZFAYrhPh2JUf7rZRIuHRKtOg==",
      "license": "MIT",
      "dependencies": {
        "prelude-ls": "~1.1.2"
      },
      "engines": {
        "node": ">= 0.8.0"
      }
    },
    "node_modules/uglify-js": {
      "version": "3.4.10",
      "resolved": "https://registry.npm.taobao.org/uglify-js/download/uglify-js-3.4.10.tgz?cache=0&sync_timestamp=1612649367213&other_urls=https%3A%2F%2Fregistry.npm.taobao.org%2Fuglify-js%2Fdownload%2Fuglify-js-3.4.10.tgz",
      "integrity": "sha1-mtlWPY6zrN+404WX0q8dgV9qdV8= sha512-Y2VsbPVs0FIshJztycsO2SfPk7/KAF/T72qzv9u5EpQ4kB2hQoHlhNQTsNyy6ul7lQtqJN/AoWeS23OzEiEFxw==",
      "license": "BSD-2-Clause",
      "dependencies": {
        "commander": "~2.19.0",
        "source-map": "~0.6.1"
      },
      "bin": {
        "uglifyjs": "bin/uglifyjs"
      },
      "engines": {
        "node": ">=0.8.0"
      }
    },
    "node_modules/uglify-js/node_modules/commander": {
      "version": "2.19.0",
      "resolved": "https://registry.npm.taobao.org/commander/download/commander-2.19.0.tgz?cache=0&sync_timestamp=1610702191685&other_urls=https%3A%2F%2Fregistry.npm.taobao.org%2Fcommander%2Fdownload%2Fcommander-2.19.0.tgz",
      "integrity": "sha1-9hmKqE5bg8RgVLlN3tv+1e6f8So= sha512-6tvAOO+D6OENvRAh524Dh9jcfKTYDQAqvqezbCW82xj5X0pSrcpxtvRKHLG0yBY6SD7PSDrJaj+0AiOcKVd1Xg==",
      "license": "MIT"
    },
    "node_modules/uglify-js/node_modules/source-map": {
      "version": "0.6.1",
      "resolved": "https://registry.npm.taobao.org/source-map/download/source-map-0.6.1.tgz",
      "integrity": "sha1-dHIq8y6WFOnCh6jQu95IteLxomM=",
      "license": "BSD-3-Clause",
      "engines": {
        "node": ">=0.10.0"
      }
    },
    "node_modules/upper-case": {
      "version": "1.1.3",
      "resolved": "https://registry.npm.taobao.org/upper-case/download/upper-case-1.1.3.tgz?cache=0&sync_timestamp=1606859943902&other_urls=https%3A%2F%2Fregistry.npm.taobao.org%2Fupper-case%2Fdownload%2Fupper-case-1.1.3.tgz",
      "integrity": "sha1-9rRQHC7EzdJrp4vnIilh3ndiFZg= sha512-WRbjgmYzgXkCV7zNVpy5YgrHgbBv126rMALQQMrmzOVC4GM2waQ9x7xtm8VU+1yF2kWyPzI9zbZ48n4vSxwfSA==",
      "license": "MIT"
    },
    "node_modules/word-wrap": {
      "version": "1.2.3",
      "resolved": "https://registry.npm.taobao.org/word-wrap/download/word-wrap-1.2.3.tgz",
      "integrity": "sha1-YQY29rH3A4kb00dxzLF/uTtHB5w= sha512-Hz/mrNwitNRh/HUAtM/VT/5VH+ygD6DV7mYKZAtHOrbs8U7lvPS6xf7EJKMF0uW1KJCl0H701g3ZGus+muE5vQ==",
      "license": "MIT",
      "engines": {
        "node": ">=0.10.0"
      }
    },
    "node_modules/xmldom": {
      "version": "0.5.0",
      "resolved": "https://registry.npm.taobao.org/xmldom/download/xmldom-0.5.0.tgz?cache=0&sync_timestamp=1615270394430&other_urls=https%3A%2F%2Fregistry.npm.taobao.org%2Fxmldom%2Fdownload%2Fxmldom-0.5.0.tgz",
      "integrity": "sha1-GTy5a4SqNIYSfqYnLEWWNUy0li4=",
      "engines": {
        "node": ">=10.0.0"
      }
    },
    "node_modules/xpath": {
      "version": "0.0.32",
      "resolved": "https://registry.npm.taobao.org/xpath/download/xpath-0.0.32.tgz",
      "integrity": "sha1-G3PTNRr3NuF+wHjW2kuBdUBcSK8=",
      "engines": {
        "node": ">=0.6.0"
      }
    }
  },
  "dependencies": {
    "acorn": {
      "version": "5.7.4",
      "resolved": "https://registry.npm.taobao.org/acorn/download/acorn-5.7.4.tgz?cache=0&sync_timestamp=1611561275462&other_urls=https%3A%2F%2Fregistry.npm.taobao.org%2Facorn%2Fdownload%2Facorn-5.7.4.tgz",
      "integrity": "sha1-Po2KmUfQWZoXltECJddDL0pKz14= sha512-1D++VG7BhrtvQpNbBzovKNc1FLGGEE/oGe7b9xJm/RFHMBeUaUGpluV9RLjZa47YFdPcDAenEYuq9pQPcMdLJg=="
    },
    "art-template": {
      "version": "4.13.2",
      "resolved": "https://registry.npm.taobao.org/art-template/download/art-template-4.13.2.tgz",
      "integrity": "sha1-TEy9RN4IqtAxZgJAhx9Fx9c3z8E= sha512-04ws5k+ndA5DghfheY4c8F1304XJKeTcaXqZCLpxFkNMSkaR3ChW1pX2i9d3sEEOZuLy7de8lFriRaik1jEeOQ==",
      "requires": {
        "acorn": "^5.0.3",
        "escodegen": "^1.8.1",
        "estraverse": "^4.2.0",
        "html-minifier": "^3.4.3",
        "is-keyword-js": "^1.0.3",
        "js-tokens": "^3.0.1",
        "merge-source-map": "^1.0.3",
        "source-map": "^0.5.6"
      }
    },
    "axios": {
      "version": "0.21.1",
      "resolved": "https://registry.npm.taobao.org/axios/download/axios-0.21.1.tgz",
      "integrity": "sha1-IlY0gZYvTWvemnbVFu8OXTwJsrg=",
      "requires": {
        "follow-redirects": "^1.10.0"
      }
    },
    "camel-case": {
      "version": "3.0.0",
      "resolved": "https://registry.npm.taobao.org/camel-case/download/camel-case-3.0.0.tgz?cache=0&sync_timestamp=1606867311564&other_urls=https%3A%2F%2Fregistry.npm.taobao.org%2Fcamel-case%2Fdownload%2Fcamel-case-3.0.0.tgz",
      "integrity": "sha1-yjw2iKTpzzpM2nd9xNy8cTJJz3M= sha512-+MbKztAYHXPr1jNTSKQF52VpcFjwY5RkR7fxksV8Doo4KAYc5Fl4UJRgthBbTmEx8C54DqahhbLJkDwjI3PI/w==",
      "requires": {
        "no-case": "^2.2.0",
        "upper-case": "^1.1.1"
      }
    },
    "clean-css": {
      "version": "4.2.3",
      "resolved": "https://registry.npm.taobao.org/clean-css/download/clean-css-4.2.3.tgz",
      "integrity": "sha1-UHtd59l7SO5T2ErbAWD/YhY4D3g=",
      "requires": {
        "source-map": "~0.6.0"
      },
      "dependencies": {
        "source-map": {
          "version": "0.6.1",
          "resolved": "https://registry.npm.taobao.org/source-map/download/source-map-0.6.1.tgz",
          "integrity": "sha1-dHIq8y6WFOnCh6jQu95IteLxomM="
        }
      }
    },
    "commander": {
      "version": "2.17.1",
      "resolved": "https://registry.npm.taobao.org/commander/download/commander-2.17.1.tgz?cache=0&sync_timestamp=1610702191685&other_urls=https%3A%2F%2Fregistry.npm.taobao.org%2Fcommander%2Fdownload%2Fcommander-2.17.1.tgz",
      "integrity": "sha1-vXerfebelCBc6sxy8XFtKfIKd78= sha512-wPMUt6FnH2yzG95SA6mzjQOEKUU3aLaDEmzs1ti+1E9h+CsrZghRlqEM/EJ4KscsQVG8uNN4uVreUeT8+drlgg=="
    },
    "deep-is": {
      "version": "0.1.3",
      "resolved": "https://registry.npm.taobao.org/deep-is/download/deep-is-0.1.3.tgz",
      "integrity": "sha1-s2nW+128E+7PUk+RsHD+7cNXzzQ= sha512-GtxAN4HvBachZzm4OnWqc45ESpUCMwkYcsjnsPs23FwJbsO+k4t0k9bQCgOmzIlpHO28+WPK/KRbRk0DDHuuDw=="
    },
    "escodegen": {
      "version": "1.14.3",
      "resolved": "https://registry.npm.taobao.org/escodegen/download/escodegen-1.14.3.tgz",
      "integrity": "sha1-TnuB+6YVgdyXWC7XjKt/Do1j9QM= sha512-qFcX0XJkdg+PB3xjZZG/wKSuT1PnQWx57+TVSjIMmILd2yC/6ByYElPwJnslDsuWuSAp4AwJGumarAAmJch5Kw==",
      "requires": {
        "esprima": "^4.0.1",
        "estraverse": "^4.2.0",
        "esutils": "^2.0.2",
        "optionator": "^0.8.1",
        "source-map": "~0.6.1"
      },
      "dependencies": {
        "source-map": {
          "version": "0.6.1",
          "resolved": "https://registry.npm.taobao.org/source-map/download/source-map-0.6.1.tgz",
          "integrity": "sha1-dHIq8y6WFOnCh6jQu95IteLxomM=",
          "optional": true
        }
      }
    },
    "esprima": {
      "version": "4.0.1",
      "resolved": "https://registry.npm.taobao.org/esprima/download/esprima-4.0.1.tgz",
      "integrity": "sha1-E7BM2z5sXRnfkatph6hpVhmwqnE= sha512-eGuFFw7Upda+g4p+QHvnW0RyTX/SVeJBDM/gCtMARO0cLuT2HcEKnTPvhjV6aGeqrCB/sbNop0Kszm0jsaWU4A=="
    },
    "estraverse": {
      "version": "4.3.0",
      "resolved": "https://registry.npm.taobao.org/estraverse/download/estraverse-4.3.0.tgz?cache=0&sync_timestamp=1596642941915&other_urls=https%3A%2F%2Fregistry.npm.taobao.org%2Festraverse%2Fdownload%2Festraverse-4.3.0.tgz",
      "integrity": "sha1-OYrT88WiSUi+dyXoPRGn3ijNvR0= sha512-39nnKffWz8xN1BU/2c79n9nB9HDzo0niYUqx6xyqUnyoAnQyyWpOTdZEeiCch8BBu515t4wp9ZmgVfVhn9EBpw=="
    },
    "esutils": {
      "version": "2.0.3",
      "resolved": "https://registry.npm.taobao.org/esutils/download/esutils-2.0.3.tgz",
      "integrity": "sha1-dNLrTeC42hKTcRkQ1Qd1ubcQ72Q="
    },
    "fast-levenshtein": {
      "version": "2.0.6",
      "resolved": "https://registry.npm.taobao.org/fast-levenshtein/download/fast-levenshtein-2.0.6.tgz",
      "integrity": "sha1-PYpcZog6FqMMqGQ+hR8Zuqd5eRc= sha512-DCXu6Ifhqcks7TZKY3Hxp3y6qphY5SJZmrWMDrKcERSOXWQdMhU9Ig/PYrzyw/ul9jOIyh0N4M0tbC5hodg8dw=="
    },
    "follow-redirects": {
      "version": "1.13.3",
      "resolved": "https://registry.npm.taobao.org/follow-redirects/download/follow-redirects-1.13.3.tgz",
      "integrity": "sha1-5VmK1QF0wbxOhyMB6CrCzZf5Amc="
    },
    "he": {
      "version": "1.2.0",
      "resolved": "https://registry.npm.taobao.org/he/download/he-1.2.0.tgz",
      "integrity": "sha1-hK5l+n6vsWX922FWauFLrwVmTw8= sha512-F/1DnUGPopORZi0ni+CvrCgHQ5FyEAHRLSApuYWMmrbSwoN2Mn/7k+Gl38gJnR7yyDZk6WLXwiGod1JOWNDKGw=="
    },
    "html-minifier": {
      "version": "3.5.21",
      "resolved": "https://registry.npm.taobao.org/html-minifier/download/html-minifier-3.5.21.tgz",
      "integrity": "sha1-0AQOBUcw41TbAIRjWTGUAVIS0gw= sha512-LKUKwuJDhxNa3uf/LPR/KVjm/l3rBqtYeCOAekvG8F1vItxMUpueGd94i/asDDr8/1u7InxzFA5EeGjhhG5mMA==",
      "requires": {
        "camel-case": "3.0.x",
        "clean-css": "4.2.x",
        "commander": "2.17.x",
        "he": "1.2.x",
        "param-case": "2.1.x",
        "relateurl": "0.2.x",
        "uglify-js": "3.4.x"
      }
    },
    "is-keyword-js": {
      "version": "1.0.3",
      "resolved": "https://registry.npm.taobao.org/is-keyword-js/download/is-keyword-js-1.0.3.tgz",
      "integrity": "sha1-rDDc81tnH0snsX9ctXI1EmAhEy0= sha512-EW8wNCNvomPa/jsH1g0DmLfPakkRCRTcTML1v1fZMLiVCvQ/1YB+tKsRzShBiWQhqrYCi5a+WsepA4Z8TA9iaA=="
    },
    "js-tokens": {
      "version": "3.0.2",
      "resolved": "https://registry.npm.taobao.org/js-tokens/download/js-tokens-3.0.2.tgz",
      "integrity": "sha1-mGbfOVECEw449/mWvOtlRDIJwls= sha512-RjTcuD4xjtthQkaWH7dFlH85L+QaVtSoOyGdZ3g6HFhS9dFNDfLyqgm2NFe2X6cQpeFmt0452FJjFG5UameExg=="
    },
    "levn": {
      "version": "0.3.0",
      "resolved": "https://registry.npm.taobao.org/levn/download/levn-0.3.0.tgz",
      "integrity": "sha1-OwmSTt+fCDwEkP3UwLxEIeBHZO4= sha512-0OO4y2iOHix2W6ujICbKIaEQXvFQHue65vUG3pb5EUomzPI90z9hsA1VsO/dbIIpC53J8gxM9Q4Oho0jrCM/yA==",
      "requires": {
        "prelude-ls": "~1.1.2",
        "type-check": "~0.3.2"
      }
    },
    "lower-case": {
      "version": "1.1.4",
      "resolved": "https://registry.npm.taobao.org/lower-case/download/lower-case-1.1.4.tgz?cache=0&sync_timestamp=1606867384237&other_urls=https%3A%2F%2Fregistry.npm.taobao.org%2Flower-case%2Fdownload%2Flower-case-1.1.4.tgz",
      "integrity": "sha1-miyr0bno4K6ZOkv31YdcOcQujqw= sha512-2Fgx1Ycm599x+WGpIYwJOvsjmXFzTSc34IwDWALRA/8AopUKAVPwfJ+h5+f85BCp0PWmmJcWzEpxOpoXycMpdA=="
    },
    "merge-source-map": {
      "version": "1.1.0",
      "resolved": "https://registry.npm.taobao.org/merge-source-map/download/merge-source-map-1.1.0.tgz",
      "integrity": "sha1-L93n5gIJOfcJBqaPLXrmheTIxkY= sha512-Qkcp7P2ygktpMPh2mCQZaf3jhN6D3Z/qVZHSdWvQ+2Ef5HgRAPBO57A77+ENm0CPx2+1Ce/MYKi3ymqdfuqibw==",
      "requires": {
        "source-map": "^0.6.1"
      },
      "dependencies": {
        "source-map": {
          "version": "0.6.1",
          "resolved": "https://registry.npm.taobao.org/source-map/download/source-map-0.6.1.tgz",
          "integrity": "sha1-dHIq8y6WFOnCh6jQu95IteLxomM="
        }
      }
    },
    "no-case": {
      "version": "2.3.2",
      "resolved": "https://registry.npm.taobao.org/no-case/download/no-case-2.3.2.tgz?cache=0&sync_timestamp=1606867284055&other_urls=https%3A%2F%2Fregistry.npm.taobao.org%2Fno-case%2Fdownload%2Fno-case-2.3.2.tgz",
      "integrity": "sha1-YLgTOWvjmz8SiKTB7V0efSi0ZKw= sha512-rmTZ9kz+f3rCvK2TD1Ue/oZlns7OGoIWP4fc3llxxRXlOkHKoWPPWJOfFYpITabSow43QJbRIoHQXtt10VldyQ==",
      "requires": {
        "lower-case": "^1.1.1"
      }
    },
    "optionator": {
      "version": "0.8.3",
      "resolved": "https://registry.npm.taobao.org/optionator/download/optionator-0.8.3.tgz",
      "integrity": "sha1-hPodA2/p08fiHZmIS2ARZ+yPtJU= sha512-+IW9pACdk3XWmmTXG8m3upGUJst5XRGzxMRjXzAuJ1XnIFNvfhjjIuYkDvysnPQ7qzqVzLt78BCruntqRhWQbA==",
      "requires": {
        "deep-is": "~0.1.3",
        "fast-levenshtein": "~2.0.6",
        "levn": "~0.3.0",
        "prelude-ls": "~1.1.2",
        "type-check": "~0.3.2",
        "word-wrap": "~1.2.3"
      }
    },
    "param-case": {
      "version": "2.1.1",
      "resolved": "https://registry.npm.taobao.org/param-case/download/param-case-2.1.1.tgz?cache=0&sync_timestamp=1606867311360&other_urls=https%3A%2F%2Fregistry.npm.taobao.org%2Fparam-case%2Fdownload%2Fparam-case-2.1.1.tgz",
      "integrity": "sha1-35T9jPZTHs915r75oIWPvHK+Ikc= sha512-eQE845L6ot89sk2N8liD8HAuH4ca6Vvr7VWAWwt7+kvvG5aBcPmmphQ68JsEG2qa9n1TykS2DLeMt363AAH8/w==",
      "requires": {
        "no-case": "^2.2.0"
      }
    },
    "prelude-ls": {
      "version": "1.1.2",
      "resolved": "https://registry.npm.taobao.org/prelude-ls/download/prelude-ls-1.1.2.tgz",
      "integrity": "sha1-IZMqVJ9eUv/ZqCf1cOBL5iqX2lQ= sha512-ESF23V4SKG6lVSGZgYNpbsiaAkdab6ZgOxe52p7+Kid3W3u3bxR4Vfd/o21dmN7jSt0IwgZ4v5MUd26FEtXE9w=="
    },
    "relateurl": {
      "version": "0.2.7",
      "resolved": "https://registry.npm.taobao.org/relateurl/download/relateurl-0.2.7.tgz",
      "integrity": "sha1-VNvzd+UUQKypCkzSdGANP/LYiKk= sha512-G08Dxvm4iDN3MLM0EsP62EDV9IuhXPR6blNz6Utcp7zyV3tr4HVNINt6MpaRWbxoOHT3Q7YN2P+jaHX8vUbgog=="
    },
    "source-map": {
      "version": "0.5.7",
      "resolved": "https://registry.npm.taobao.org/source-map/download/source-map-0.5.7.tgz",
      "integrity": "sha1-igOdLRAh0i0eoUyA2OpGi6LvP8w="
    },
    "type-check": {
      "version": "0.3.2",
      "resolved": "https://registry.npm.taobao.org/type-check/download/type-check-0.3.2.tgz",
      "integrity": "sha1-WITKtRLPHTVeP7eE8wgEsrUg23I= sha512-ZCmOJdvOWDBYJlzAoFkC+Q0+bUyEOS1ltgp1MGU03fqHG+dbi9tBFU2Rd9QKiDZFAYrhPh2JUf7rZRIuHRKtOg==",
      "requires": {
        "prelude-ls": "~1.1.2"
      }
    },
    "uglify-js": {
      "version": "3.4.10",
      "resolved": "https://registry.npm.taobao.org/uglify-js/download/uglify-js-3.4.10.tgz?cache=0&sync_timestamp=1612649367213&other_urls=https%3A%2F%2Fregistry.npm.taobao.org%2Fuglify-js%2Fdownload%2Fuglify-js-3.4.10.tgz",
      "integrity": "sha1-mtlWPY6zrN+404WX0q8dgV9qdV8= sha512-Y2VsbPVs0FIshJztycsO2SfPk7/KAF/T72qzv9u5EpQ4kB2hQoHlhNQTsNyy6ul7lQtqJN/AoWeS23OzEiEFxw==",
      "requires": {
        "commander": "~2.19.0",
        "source-map": "~0.6.1"
      },
      "dependencies": {
        "commander": {
          "version": "2.19.0",
          "resolved": "https://registry.npm.taobao.org/commander/download/commander-2.19.0.tgz?cache=0&sync_timestamp=1610702191685&other_urls=https%3A%2F%2Fregistry.npm.taobao.org%2Fcommander%2Fdownload%2Fcommander-2.19.0.tgz",
          "integrity": "sha1-9hmKqE5bg8RgVLlN3tv+1e6f8So= sha512-6tvAOO+D6OENvRAh524Dh9jcfKTYDQAqvqezbCW82xj5X0pSrcpxtvRKHLG0yBY6SD7PSDrJaj+0AiOcKVd1Xg=="
        },
        "source-map": {
          "version": "0.6.1",
          "resolved": "https://registry.npm.taobao.org/source-map/download/source-map-0.6.1.tgz",
          "integrity": "sha1-dHIq8y6WFOnCh6jQu95IteLxomM="
        }
      }
    },
    "upper-case": {
      "version": "1.1.3",
      "resolved": "https://registry.npm.taobao.org/upper-case/download/upper-case-1.1.3.tgz?cache=0&sync_timestamp=1606859943902&other_urls=https%3A%2F%2Fregistry.npm.taobao.org%2Fupper-case%2Fdownload%2Fupper-case-1.1.3.tgz",
      "integrity": "sha1-9rRQHC7EzdJrp4vnIilh3ndiFZg= sha512-WRbjgmYzgXkCV7zNVpy5YgrHgbBv126rMALQQMrmzOVC4GM2waQ9x7xtm8VU+1yF2kWyPzI9zbZ48n4vSxwfSA=="
    },
    "word-wrap": {
      "version": "1.2.3",
      "resolved": "https://registry.npm.taobao.org/word-wrap/download/word-wrap-1.2.3.tgz",
      "integrity": "sha1-YQY29rH3A4kb00dxzLF/uTtHB5w= sha512-Hz/mrNwitNRh/HUAtM/VT/5VH+ygD6DV7mYKZAtHOrbs8U7lvPS6xf7EJKMF0uW1KJCl0H701g3ZGus+muE5vQ=="
    },
    "xmldom": {
      "version": "0.5.0",
      "resolved": "https://registry.npm.taobao.org/xmldom/download/xmldom-0.5.0.tgz?cache=0&sync_timestamp=1615270394430&other_urls=https%3A%2F%2Fregistry.npm.taobao.org%2Fxmldom%2Fdownload%2Fxmldom-0.5.0.tgz",
      "integrity": "sha1-GTy5a4SqNIYSfqYnLEWWNUy0li4="
    },
    "xpath": {
      "version": "0.0.32",
      "resolved": "https://registry.npm.taobao.org/xpath/download/xpath-0.0.32.tgz",
      "integrity": "sha1-G3PTNRr3NuF+wHjW2kuBdUBcSK8="
    }
  }
}
